// !$*UTF8*$!
{
	archiveVersion = 1;
	classes = {
	};
	objectVersion = 56;
	objects = {

/* Begin PBXBuildFile section */
		AB24542829DCE69700A0C9D0 /* Scenes.swift in Sources */ = {isa = PBXBuildFile; fileRef = AB24542729DCE69700A0C9D0 /* Scenes.swift */; };
		AB2C20D729DDDC7D00F99842 /* DegreesToRadians.swift in Sources */ = {isa = PBXBuildFile; fileRef = AB2C20D629DDDC7D00F99842 /* DegreesToRadians.swift */; };
		AB2C20D929DF5CF400F99842 /* SceneBuilder.swift in Sources */ = {isa = PBXBuildFile; fileRef = AB2C20D829DF5CF400F99842 /* SceneBuilder.swift */; };
		AB536E6129DAC19600276FC8 /* Renderable.swift in Sources */ = {isa = PBXBuildFile; fileRef = AB536E6029DAC19600276FC8 /* Renderable.swift */; };
		AB536E6329DAC23D00276FC8 /* Scene.swift in Sources */ = {isa = PBXBuildFile; fileRef = AB536E6229DAC23D00276FC8 /* Scene.swift */; };
		ABD257B829D9F77200F10AB1 /* AppDelegate.swift in Sources */ = {isa = PBXBuildFile; fileRef = ABD257B729D9F77200F10AB1 /* AppDelegate.swift */; };
		ABD257BA29D9F77200F10AB1 /* ViewController.swift in Sources */ = {isa = PBXBuildFile; fileRef = ABD257B929D9F77200F10AB1 /* ViewController.swift */; };
		ABD257BC29D9F77300F10AB1 /* Assets.xcassets in Resources */ = {isa = PBXBuildFile; fileRef = ABD257BB29D9F77300F10AB1 /* Assets.xcassets */; };
		ABD257BF29D9F77400F10AB1 /* Main.storyboard in Resources */ = {isa = PBXBuildFile; fileRef = ABD257BD29D9F77400F10AB1 /* Main.storyboard */; };
		ABD257C729D9F7D400F10AB1 /* Renderer.swift in Sources */ = {isa = PBXBuildFile; fileRef = ABD257C629D9F7D400F10AB1 /* Renderer.swift */; };
		ABD257CC29D9F86200F10AB1 /* Shaders.metal in Sources */ = {isa = PBXBuildFile; fileRef = ABD257CB29D9F86200F10AB1 /* Shaders.metal */; };
		ABD257D129DA300B00F10AB1 /* Cube.swift in Sources */ = {isa = PBXBuildFile; fileRef = ABD257D029DA300B00F10AB1 /* Cube.swift */; };
		ABD257D329DA3F4800F10AB1 /* Triangle.swift in Sources */ = {isa = PBXBuildFile; fileRef = ABD257D229DA3F4800F10AB1 /* Triangle.swift */; };
/* End PBXBuildFile section */

/* Begin PBXFileReference section */
		AB24542729DCE69700A0C9D0 /* Scenes.swift */ = {isa = PBXFileReference; lastKnownFileType = sourcecode.swift; path = Scenes.swift; sourceTree = "<group>"; };
		AB2C20D629DDDC7D00F99842 /* DegreesToRadians.swift */ = {isa = PBXFileReference; lastKnownFileType = sourcecode.swift; path = DegreesToRadians.swift; sourceTree = "<group>"; };
		AB2C20D829DF5CF400F99842 /* SceneBuilder.swift */ = {isa = PBXFileReference; lastKnownFileType = sourcecode.swift; path = SceneBuilder.swift; sourceTree = "<group>"; };
		AB536E6029DAC19600276FC8 /* Renderable.swift */ = {isa = PBXFileReference; lastKnownFileType = sourcecode.swift; path = Renderable.swift; sourceTree = "<group>"; };
		AB536E6229DAC23D00276FC8 /* Scene.swift */ = {isa = PBXFileReference; lastKnownFileType = sourcecode.swift; path = Scene.swift; sourceTree = "<group>"; };
		ABD257B429D9F77200F10AB1 /* MetalRayTracing.app */ = {isa = PBXFileReference; explicitFileType = wrapper.application; includeInIndex = 0; path = MetalRayTracing.app; sourceTree = BUILT_PRODUCTS_DIR; };
		ABD257B729D9F77200F10AB1 /* AppDelegate.swift */ = {isa = PBXFileReference; lastKnownFileType = sourcecode.swift; path = AppDelegate.swift; sourceTree = "<group>"; };
		ABD257B929D9F77200F10AB1 /* ViewController.swift */ = {isa = PBXFileReference; lastKnownFileType = sourcecode.swift; path = ViewController.swift; sourceTree = "<group>"; };
		ABD257BB29D9F77300F10AB1 /* Assets.xcassets */ = {isa = PBXFileReference; lastKnownFileType = folder.assetcatalog; path = Assets.xcassets; sourceTree = "<group>"; };
		ABD257BE29D9F77400F10AB1 /* Base */ = {isa = PBXFileReference; lastKnownFileType = file.storyboard; name = Base; path = Base.lproj/Main.storyboard; sourceTree = "<group>"; };
		ABD257C029D9F77400F10AB1 /* MetalRayTracing.entitlements */ = {isa = PBXFileReference; lastKnownFileType = text.plist.entitlements; path = MetalRayTracing.entitlements; sourceTree = "<group>"; };
		ABD257C629D9F7D400F10AB1 /* Renderer.swift */ = {isa = PBXFileReference; lastKnownFileType = sourcecode.swift; path = Renderer.swift; sourceTree = "<group>"; };
		ABD257C829D9F85000F10AB1 /* MetalRayTracing-Bridging-Header.h */ = {isa = PBXFileReference; lastKnownFileType = sourcecode.c.h; path = "MetalRayTracing-Bridging-Header.h"; sourceTree = "<group>"; };
		ABD257CB29D9F86200F10AB1 /* Shaders.metal */ = {isa = PBXFileReference; lastKnownFileType = sourcecode.metal; path = Shaders.metal; sourceTree = "<group>"; };
		ABD257CD29D9F87700F10AB1 /* ShaderDefinitions.h */ = {isa = PBXFileReference; lastKnownFileType = sourcecode.c.h; path = ShaderDefinitions.h; sourceTree = "<group>"; };
		ABD257D029DA300B00F10AB1 /* Cube.swift */ = {isa = PBXFileReference; lastKnownFileType = sourcecode.swift; path = Cube.swift; sourceTree = "<group>"; };
		ABD257D229DA3F4800F10AB1 /* Triangle.swift */ = {isa = PBXFileReference; lastKnownFileType = sourcecode.swift; path = Triangle.swift; sourceTree = "<group>"; };
/* End PBXFileReference section */

/* Begin PBXFrameworksBuildPhase section */
		ABD257B129D9F77200F10AB1 /* Frameworks */ = {
			isa = PBXFrameworksBuildPhase;
			buildActionMask = 2147483647;
			files = (
			);
			runOnlyForDeploymentPostprocessing = 0;
		};
/* End PBXFrameworksBuildPhase section */

/* Begin PBXGroup section */
		AB2C20D229DDD98A00F99842 /* views */ = {
			isa = PBXGroup;
			children = (
				ABD257BD29D9F77400F10AB1 /* Main.storyboard */,
				ABD257B729D9F77200F10AB1 /* AppDelegate.swift */,
				ABD257B929D9F77200F10AB1 /* ViewController.swift */,
			);
			path = views;
			sourceTree = "<group>";
		};
		AB2C20D329DDDA0200F99842 /* renderables */ = {
			isa = PBXGroup;
			children = (
				AB536E6029DAC19600276FC8 /* Renderable.swift */,
				AB2C20D829DF5CF400F99842 /* SceneBuilder.swift */,
				AB536E6229DAC23D00276FC8 /* Scene.swift */,
				ABD257D029DA300B00F10AB1 /* Cube.swift */,
				ABD257D229DA3F4800F10AB1 /* Triangle.swift */,
			);
			path = renderables;
			sourceTree = "<group>";
		};
		AB2C20D429DDDA2A00F99842 /* engine */ = {
			isa = PBXGroup;
			children = (
				ABD257C629D9F7D400F10AB1 /* Renderer.swift */,
				ABD257CB29D9F86200F10AB1 /* Shaders.metal */,
				ABD257CD29D9F87700F10AB1 /* ShaderDefinitions.h */,
			);
			path = engine;
			sourceTree = "<group>";
		};
		AB2C20D529DDDA5F00F99842 /* misc */ = {
			isa = PBXGroup;
			children = (
				AB2C20D629DDDC7D00F99842 /* DegreesToRadians.swift */,
				ABD257C829D9F85000F10AB1 /* MetalRayTracing-Bridging-Header.h */,
				ABD257C029D9F77400F10AB1 /* MetalRayTracing.entitlements */,
				ABD257BB29D9F77300F10AB1 /* Assets.xcassets */,
			);
			path = misc;
			sourceTree = "<group>";
		};
		ABD257AB29D9F77200F10AB1 = {
			isa = PBXGroup;
			children = (
				ABD257B629D9F77200F10AB1 /* MetalRayTracing */,
				ABD257B529D9F77200F10AB1 /* Products */,
			);
			sourceTree = "<group>";
		};
		ABD257B529D9F77200F10AB1 /* Products */ = {
			isa = PBXGroup;
			children = (
				ABD257B429D9F77200F10AB1 /* MetalRayTracing.app */,
			);
			name = Products;
			sourceTree = "<group>";
		};
		ABD257B629D9F77200F10AB1 /* MetalRayTracing */ = {
			isa = PBXGroup;
			children = (
				AB2C20D229DDD98A00F99842 /* views */,
				AB2C20D329DDDA0200F99842 /* renderables */,
				AB24542729DCE69700A0C9D0 /* Scenes.swift */,
				AB2C20D429DDDA2A00F99842 /* engine */,
				AB2C20D529DDDA5F00F99842 /* misc */,
			);
			path = MetalRayTracing;
			sourceTree = "<group>";
		};
/* End PBXGroup section */

/* Begin PBXNativeTarget section */
		ABD257B329D9F77200F10AB1 /* MetalRayTracing */ = {
			isa = PBXNativeTarget;
			buildConfigurationList = ABD257C329D9F77400F10AB1 /* Build configuration list for PBXNativeTarget "MetalRayTracing" */;
			buildPhases = (
				ABD257B029D9F77200F10AB1 /* Sources */,
				ABD257B129D9F77200F10AB1 /* Frameworks */,
				ABD257B229D9F77200F10AB1 /* Resources */,
			);
			buildRules = (
			);
			dependencies = (
			);
			name = MetalRayTracing;
			productName = MetalRayTracing;
			productReference = ABD257B429D9F77200F10AB1 /* MetalRayTracing.app */;
			productType = "com.apple.product-type.application";
		};
/* End PBXNativeTarget section */

/* Begin PBXProject section */
		ABD257AC29D9F77200F10AB1 /* Project object */ = {
			isa = PBXProject;
			attributes = {
				BuildIndependentTargetsInParallel = 1;
				LastSwiftUpdateCheck = 1420;
				LastUpgradeCheck = 1420;
				TargetAttributes = {
					ABD257B329D9F77200F10AB1 = {
						CreatedOnToolsVersion = 14.2;
						LastSwiftMigration = 1420;
					};
				};
			};
			buildConfigurationList = ABD257AF29D9F77200F10AB1 /* Build configuration list for PBXProject "MetalRayTracing" */;
			compatibilityVersion = "Xcode 14.0";
			developmentRegion = en;
			hasScannedForEncodings = 0;
			knownRegions = (
				en,
				Base,
			);
			mainGroup = ABD257AB29D9F77200F10AB1;
			productRefGroup = ABD257B529D9F77200F10AB1 /* Products */;
			projectDirPath = "";
			projectRoot = "";
			targets = (
				ABD257B329D9F77200F10AB1 /* MetalRayTracing */,
			);
		};
/* End PBXProject section */

/* Begin PBXResourcesBuildPhase section */
		ABD257B229D9F77200F10AB1 /* Resources */ = {
			isa = PBXResourcesBuildPhase;
			buildActionMask = 2147483647;
			files = (
				ABD257BC29D9F77300F10AB1 /* Assets.xcassets in Resources */,
				ABD257BF29D9F77400F10AB1 /* Main.storyboard in Resources */,
			);
			runOnlyForDeploymentPostprocessing = 0;
		};
/* End PBXResourcesBuildPhase section */

/* Begin PBXSourcesBuildPhase section */
		ABD257B029D9F77200F10AB1 /* Sources */ = {
			isa = PBXSourcesBuildPhase;
			buildActionMask = 2147483647;
			files = (
				ABD257BA29D9F77200F10AB1 /* ViewController.swift in Sources */,
				AB24542829DCE69700A0C9D0 /* Scenes.swift in Sources */,
				ABD257D129DA300B00F10AB1 /* Cube.swift in Sources */,
				ABD257C729D9F7D400F10AB1 /* Renderer.swift in Sources */,
				ABD257B829D9F77200F10AB1 /* AppDelegate.swift in Sources */,
				AB2C20D729DDDC7D00F99842 /* DegreesToRadians.swift in Sources */,
				ABD257D329DA3F4800F10AB1 /* Triangle.swift in Sources */,
				ABD257CC29D9F86200F10AB1 /* Shaders.metal in Sources */,
				AB536E6129DAC19600276FC8 /* Renderable.swift in Sources */,
				AB2C20D929DF5CF400F99842 /* SceneBuilder.swift in Sources */,
				AB536E6329DAC23D00276FC8 /* Scene.swift in Sources */,
			);
			runOnlyForDeploymentPostprocessing = 0;
		};
/* End PBXSourcesBuildPhase section */

/* Begin PBXVariantGroup section */
		ABD257BD29D9F77400F10AB1 /* Main.storyboard */ = {
			isa = PBXVariantGroup;
			children = (
				ABD257BE29D9F77400F10AB1 /* Base */,
			);
			name = Main.storyboard;
			sourceTree = "<group>";
		};
/* End PBXVariantGroup section */

/* Begin XCBuildConfiguration section */
		ABD257C129D9F77400F10AB1 /* Debug */ = {
			isa = XCBuildConfiguration;
			buildSettings = {
				ALWAYS_SEARCH_USER_PATHS = NO;
				CLANG_ANALYZER_NONNULL = YES;
				CLANG_ANALYZER_NUMBER_OBJECT_CONVERSION = YES_AGGRESSIVE;
				CLANG_CXX_LANGUAGE_STANDARD = "gnu++20";
				CLANG_ENABLE_MODULES = YES;
				CLANG_ENABLE_OBJC_ARC = YES;
				CLANG_ENABLE_OBJC_WEAK = YES;
				CLANG_WARN_BLOCK_CAPTURE_AUTORELEASING = YES;
				CLANG_WARN_BOOL_CONVERSION = YES;
				CLANG_WARN_COMMA = YES;
				CLANG_WARN_CONSTANT_CONVERSION = YES;
				CLANG_WARN_DEPRECATED_OBJC_IMPLEMENTATIONS = YES;
				CLANG_WARN_DIRECT_OBJC_ISA_USAGE = YES_ERROR;
				CLANG_WARN_DOCUMENTATION_COMMENTS = YES;
				CLANG_WARN_EMPTY_BODY = YES;
				CLANG_WARN_ENUM_CONVERSION = YES;
				CLANG_WARN_INFINITE_RECURSION = YES;
				CLANG_WARN_INT_CONVERSION = YES;
				CLANG_WARN_NON_LITERAL_NULL_CONVERSION = YES;
				CLANG_WARN_OBJC_IMPLICIT_RETAIN_SELF = YES;
				CLANG_WARN_OBJC_LITERAL_CONVERSION = YES;
				CLANG_WARN_OBJC_ROOT_CLASS = YES_ERROR;
				CLANG_WARN_QUOTED_INCLUDE_IN_FRAMEWORK_HEADER = YES;
				CLANG_WARN_RANGE_LOOP_ANALYSIS = YES;
				CLANG_WARN_STRICT_PROTOTYPES = YES;
				CLANG_WARN_SUSPICIOUS_MOVE = YES;
				CLANG_WARN_UNGUARDED_AVAILABILITY = YES_AGGRESSIVE;
				CLANG_WARN_UNREACHABLE_CODE = YES;
				CLANG_WARN__DUPLICATE_METHOD_MATCH = YES;
				COPY_PHASE_STRIP = NO;
				DEBUG_INFORMATION_FORMAT = dwarf;
				ENABLE_STRICT_OBJC_MSGSEND = YES;
				ENABLE_TESTABILITY = YES;
				GCC_C_LANGUAGE_STANDARD = gnu11;
				GCC_DYNAMIC_NO_PIC = NO;
				GCC_NO_COMMON_BLOCKS = YES;
				GCC_OPTIMIZATION_LEVEL = 0;
				GCC_PREPROCESSOR_DEFINITIONS = (
					"DEBUG=1",
					"$(inherited)",
				);
				GCC_WARN_64_TO_32_BIT_CONVERSION = YES;
				GCC_WARN_ABOUT_RETURN_TYPE = YES_ERROR;
				GCC_WARN_UNDECLARED_SELECTOR = YES;
				GCC_WARN_UNINITIALIZED_AUTOS = YES_AGGRESSIVE;
				GCC_WARN_UNUSED_FUNCTION = YES;
				GCC_WARN_UNUSED_VARIABLE = YES;
				MACOSX_DEPLOYMENT_TARGET = 13.1;
				MTL_ENABLE_DEBUG_INFO = INCLUDE_SOURCE;
				MTL_FAST_MATH = YES;
				ONLY_ACTIVE_ARCH = YES;
				SDKROOT = macosx;
				SWIFT_ACTIVE_COMPILATION_CONDITIONS = DEBUG;
				SWIFT_OPTIMIZATION_LEVEL = "-Onone";
			};
			name = Debug;
		};
		ABD257C229D9F77400F10AB1 /* Release */ = {
			isa = XCBuildConfiguration;
			buildSettings = {
				ALWAYS_SEARCH_USER_PATHS = NO;
				CLANG_ANALYZER_NONNULL = YES;
				CLANG_ANALYZER_NUMBER_OBJECT_CONVERSION = YES_AGGRESSIVE;
				CLANG_CXX_LANGUAGE_STANDARD = "gnu++20";
				CLANG_ENABLE_MODULES = YES;
				CLANG_ENABLE_OBJC_ARC = YES;
				CLANG_ENABLE_OBJC_WEAK = YES;
				CLANG_WARN_BLOCK_CAPTURE_AUTORELEASING = YES;
				CLANG_WARN_BOOL_CONVERSION = YES;
				CLANG_WARN_COMMA = YES;
				CLANG_WARN_CONSTANT_CONVERSION = YES;
				CLANG_WARN_DEPRECATED_OBJC_IMPLEMENTATIONS = YES;
				CLANG_WARN_DIRECT_OBJC_ISA_USAGE = YES_ERROR;
				CLANG_WARN_DOCUMENTATION_COMMENTS = YES;
				CLANG_WARN_EMPTY_BODY = YES;
				CLANG_WARN_ENUM_CONVERSION = YES;
				CLANG_WARN_INFINITE_RECURSION = YES;
				CLANG_WARN_INT_CONVERSION = YES;
				CLANG_WARN_NON_LITERAL_NULL_CONVERSION = YES;
				CLANG_WARN_OBJC_IMPLICIT_RETAIN_SELF = YES;
				CLANG_WARN_OBJC_LITERAL_CONVERSION = YES;
				CLANG_WARN_OBJC_ROOT_CLASS = YES_ERROR;
				CLANG_WARN_QUOTED_INCLUDE_IN_FRAMEWORK_HEADER = YES;
				CLANG_WARN_RANGE_LOOP_ANALYSIS = YES;
				CLANG_WARN_STRICT_PROTOTYPES = YES;
				CLANG_WARN_SUSPICIOUS_MOVE = YES;
				CLANG_WARN_UNGUARDED_AVAILABILITY = YES_AGGRESSIVE;
				CLANG_WARN_UNREACHABLE_CODE = YES;
				CLANG_WARN__DUPLICATE_METHOD_MATCH = YES;
				COPY_PHASE_STRIP = NO;
				DEBUG_INFORMATION_FORMAT = "dwarf-with-dsym";
				ENABLE_NS_ASSERTIONS = NO;
				ENABLE_STRICT_OBJC_MSGSEND = YES;
				GCC_C_LANGUAGE_STANDARD = gnu11;
				GCC_NO_COMMON_BLOCKS = YES;
				GCC_WARN_64_TO_32_BIT_CONVERSION = YES;
				GCC_WARN_ABOUT_RETURN_TYPE = YES_ERROR;
				GCC_WARN_UNDECLARED_SELECTOR = YES;
				GCC_WARN_UNINITIALIZED_AUTOS = YES_AGGRESSIVE;
				GCC_WARN_UNUSED_FUNCTION = YES;
				GCC_WARN_UNUSED_VARIABLE = YES;
				MACOSX_DEPLOYMENT_TARGET = 13.1;
				MTL_ENABLE_DEBUG_INFO = NO;
				MTL_FAST_MATH = YES;
				SDKROOT = macosx;
				SWIFT_COMPILATION_MODE = wholemodule;
				SWIFT_OPTIMIZATION_LEVEL = "-O";
			};
			name = Release;
		};
		ABD257C429D9F77400F10AB1 /* Debug */ = {
			isa = XCBuildConfiguration;
			buildSettings = {
				ASSETCATALOG_COMPILER_APPICON_NAME = AppIcon;
				ASSETCATALOG_COMPILER_GLOBAL_ACCENT_COLOR_NAME = AccentColor;
				CLANG_ENABLE_MODULES = YES;
				CODE_SIGN_ENTITLEMENTS = MetalRayTracing/misc/MetalRayTracing.entitlements;
				CODE_SIGN_STYLE = Automatic;
				COMBINE_HIDPI_IMAGES = YES;
				CURRENT_PROJECT_VERSION = 1;
				DEVELOPMENT_TEAM = 227FGD37B4;
				ENABLE_HARDENED_RUNTIME = YES;
				GENERATE_INFOPLIST_FILE = YES;
				INFOPLIST_KEY_NSHumanReadableCopyright = "";
				INFOPLIST_KEY_NSMainStoryboardFile = Main;
				INFOPLIST_KEY_NSPrincipalClass = NSApplication;
				LD_RUNPATH_SEARCH_PATHS = (
					"$(inherited)",
					"@executable_path/../Frameworks",
				);
				MARKETING_VERSION = 1.0;
				PRODUCT_BUNDLE_IDENTIFIER = com.dragonia.MetalRayTracing;
				PRODUCT_NAME = "$(TARGET_NAME)";
				SWIFT_EMIT_LOC_STRINGS = YES;
				SWIFT_OBJC_BRIDGING_HEADER = "MetalRayTracing/misc/MetalRayTracing-Bridging-Header.h";
				SWIFT_OPTIMIZATION_LEVEL = "-Onone";
				SWIFT_VERSION = 5.0;
			};
			name = Debug;
		};
		ABD257C529D9F77400F10AB1 /* Release */ = {
			isa = XCBuildConfiguration;
			buildSettings = {
				ASSETCATALOG_COMPILER_APPICON_NAME = AppIcon;
				ASSETCATALOG_COMPILER_GLOBAL_ACCENT_COLOR_NAME = AccentColor;
				CLANG_ENABLE_MODULES = YES;
				CODE_SIGN_ENTITLEMENTS = MetalRayTracing/misc/MetalRayTracing.entitlements;
				CODE_SIGN_STYLE = Automatic;
				COMBINE_HIDPI_IMAGES = YES;
				CURRENT_PROJECT_VERSION = 1;
				DEVELOPMENT_TEAM = 227FGD37B4;
				ENABLE_HARDENED_RUNTIME = YES;
				GENERATE_INFOPLIST_FILE = YES;
				INFOPLIST_KEY_NSHumanReadableCopyright = "";
				INFOPLIST_KEY_NSMainStoryboardFile = Main;
				INFOPLIST_KEY_NSPrincipalClass = NSApplication;
				LD_RUNPATH_SEARCH_PATHS = (
					"$(inherited)",
					"@executable_path/../Frameworks",
				);
				MARKETING_VERSION = 1.0;
				PRODUCT_BUNDLE_IDENTIFIER = com.dragonia.MetalRayTracing;
				PRODUCT_NAME = "$(TARGET_NAME)";
				SWIFT_EMIT_LOC_STRINGS = YES;
				SWIFT_OBJC_BRIDGING_HEADER = "MetalRayTracing/misc/MetalRayTracing-Bridging-Header.h";
				SWIFT_VERSION = 5.0;
			};
			name = Release;
		};
/* End XCBuildConfiguration section */

/* Begin XCConfigurationList section */
		ABD257AF29D9F77200F10AB1 /* Build configuration list for PBXProject "MetalRayTracing" */ = {
			isa = XCConfigurationList;
			buildConfigurations = (
				ABD257C129D9F77400F10AB1 /* Debug */,
				ABD257C229D9F77400F10AB1 /* Release */,
			);
			defaultConfigurationIsVisible = 0;
			defaultConfigurationName = Release;
		};
		ABD257C329D9F77400F10AB1 /* Build configuration list for PBXNativeTarget "MetalRayTracing" */ = {
			isa = XCConfigurationList;
			buildConfigurations = (
				ABD257C429D9F77400F10AB1 /* Debug */,
				ABD257C529D9F77400F10AB1 /* Release */,
			);
			defaultConfigurationIsVisible = 0;
			defaultConfigurationName = Release;
		};
/* End XCConfigurationList section */
	};
	rootObject = ABD257AC29D9F77200F10AB1 /* Project object */;
}
